<?xml version="1.0" encoding="utf-8"?>
<Project ToolsVersion="4.0" xmlns="http://schemas.microsoft.com/developer/msbuild/2003">
  <ItemGroup>
    <Filter Include="Source Files">
      <UniqueIdentifier>{4FC737F1-C7A5-4376-A066-2A32D752A2FF}</UniqueIdentifier>
      <Extensions>cpp;c;cc;cxx;c++;cppm;ixx;def;odl;idl;hpj;bat;asm;asmx</Extensions>
    </Filter>
    <Filter Include="Source Files\src">
      <UniqueIdentifier>{6b3633bd-e4c2-4c11-bbc8-39362b1dc0a0}</UniqueIdentifier>
    </Filter>
    <Filter Include="Source Files\header">
      <UniqueIdentifier>{3aaa7609-ba7a-4cec-9d2e-c3dab7aa8a4a}</UniqueIdentifier>
    </Filter>
  </ItemGroup>
  <ItemGroup>
    <ClCompile Include="main.cpp">
      <Filter>Source Files</Filter>
    </ClCompile>
    <ClCompile Include="Tile.cpp">
      <Filter>Source Files\src</Filter>
    </ClCompile>
    <ClCompile Include="Board.cpp">
      <Filter>Source Files\src</Filter>
    </ClCompile>
    <ClCompile Include="GraphicsManager.cpp">
      <Filter>Source Files\src</Filter>
    </ClCompile>
    <ClCompile Include="GameManager.cpp">
      <Filter>Source Files\src</Filter>
    </ClCompile>
    <ClCompile Include="MouseEventHandler.cpp">
      <Filter>Source Files\src</Filter>
    </ClCompile>
  </ItemGroup>
  <ItemGroup>
    <ClInclude Include="Tile.h">
      <Filter>Source Files\header</Filter>
    </ClInclude>
    <ClInclude Include="Board.h">
      <Filter>Source Files\header</Filter>
    </ClInclude>
    <ClInclude Include="GameManager.h">
      <Filter>Source Files\header</Filter>
    </ClInclude>
    <ClInclude Include="GraphicsManager.h">
      <Filter>Source Files\header</Filter>
    </ClInclude>
    <ClInclude Include="MouseEventHandler.h">
      <Filter>Source Files\header</Filter>
    </ClInclude>
  </ItemGroup>
</Project>